
Microsoft Visual Studio Solution File, Format Version 12.00
# Visual Studio 2012
Project("{FAE04EC0-301F-11D3-BF4B-00C04F79EFBC}") = "ReadTelephoneNumber", "ReadTelephoneNumber.csproj", "{42AB264C-C452-4F20-A86E-B5E625372652}"
EndProject
Project("{FAE04EC0-301F-11D3-BF4B-00C04F79EFBC}") = "TestReadTelephoneNumber", "..\UnitTestProject1\TestReadTelephoneNumber.csproj", "{4A6A5500-66C2-439E-9DE6-5072A5BCE701}"
EndProject
Global
	GlobalSection(SolutionConfigurationPlatforms) = preSolution
		Debug|Any CPU = Debug|Any CPU
		Release|Any CPU = Release|Any CPU
	EndGlobalSection
	GlobalSection(ProjectConfigurationPlatforms) = postSolution
		{42AB264C-C452-4F20-A86E-B5E625372652}.Debug|Any CPU.ActiveCfg = Debug|Any CPU
		{42AB264C-C452-4F20-A86E-B5E625372652}.Debug|Any CPU.Build.0 = Debug|Any CPU
		{42AB264C-C452-4F20-A86E-B5E625372652}.Release|Any CPU.ActiveCfg = Release|Any CPU
		{42AB264C-C452-4F20-A86E-B5E625372652}.Release|Any CPU.Build.0 = Release|Any CPU
		{4A6A5500-66C2-439E-9DE6-5072A5BCE701}.Debug|Any CPU.ActiveCfg = Debug|Any CPU
		{4A6A5500-66C2-439E-9DE6-5072A5BCE701}.Debug|Any CPU.Build.0 = Debug|Any CPU
		{4A6A5500-66C2-439E-9DE6-5072A5BCE701}.Release|Any CPU.ActiveCfg = Release|Any CPU
		{4A6A5500-66C2-439E-9DE6-5072A5BCE701}.Release|Any CPU.Build.0 = Release|Any CPU
	EndGlobalSection
	GlobalSection(SolutionProperties) = preSolution
		HideSolutionNode = FALSE
	EndGlobalSection
EndGlobal
